{
  "name": "ft-spinupnode",
  "version": "1.0.0",
  "lockfileVersion": 3,
  "requires": true,
  "packages": {
    "": {
      "name": "ft-spinupnode",
      "version": "1.0.0",
      "license": "ISC",
      "dependencies": {
        "@webcontainer/api": "^1.1.9"
      }
    },
    "node_modules/@webcontainer/api": {
      "version": "1.1.9",
      "resolved": "https://registry.npmjs.org/@webcontainer/api/-/api-1.1.9.tgz",
      "integrity": "sha512-Sp6PV0K9D/3f8fSbCubqhfmBFH8XbngZCBOCF+aExyGqnz2etmw+KYvbQ/JxYvYX5KPaSxM+asFQwoP2RHl5cg=="
    }
  }
}
